
Microsoft Visual Studio Solution File, Format Version 12.00
# Visual Studio Version 17
VisualStudioVersion = 17.4.33403.182
MinimumVisualStudioVersion = 10.0.40219.1
Project("{2150E333-8FDC-42A3-9474-1A3956D46DE8}") = "modules", "modules", "{B581E464-B295-4D63-BB10-97AC3E19A52F}"
EndProject
Project("{2150E333-8FDC-42A3-9474-1A3956D46DE8}") = "shared", "shared", "{24E13834-FC03-40CF-9B9D-4BCE3C8E4BEB}"
EndProject
Project("{2150E333-8FDC-42A3-9474-1A3956D46DE8}") = "api", "api", "{ABD0EA86-4BA3-4E57-9CEB-9E1AC6232B2B}"
EndProject
Project("{2150E333-8FDC-42A3-9474-1A3956D46DE8}") = "example", "example", "{AE9A661F-BE3A-4B30-AE50-3286C148E9B5}"
EndProject
Project("{9A19103F-16F7-4668-BE54-9A1E7A4F7556}") = "Intive.Patronage2023.Modules.Example.Contracts", "src\modules\example\contracts\Intive.Patronage2023.Modules.Example.Contracts.csproj", "{BE34A05D-59AB-436C-92CD-3E9CC9BDB177}"
EndProject
Project("{9A19103F-16F7-4668-BE54-9A1E7A4F7556}") = "Intive.Patronage2023.Modules.Example.Domain", "src\modules\example\domain\Intive.Patronage2023.Modules.Example.Domain.csproj", "{D43D43F2-3F5F-4F83-8CE1-0C8E7004ECD7}"
EndProject
Project("{9A19103F-16F7-4668-BE54-9A1E7A4F7556}") = "Intive.Patronage2023.Modules.Example.Infrastructure", "src\modules\example\infrastructure\Intive.Patronage2023.Modules.Example.Infrastructure.csproj", "{2BC3B05B-9968-4B08-A912-744F79CBE4C2}"
EndProject
Project("{2150E333-8FDC-42A3-9474-1A3956D46DE8}") = "tests", "tests", "{138E58F8-3FAE-4CCC-A92A-3A85E7E4D35B}"
EndProject
Project("{9A19103F-16F7-4668-BE54-9A1E7A4F7556}") = "Intive.Patronage2023.Api", "src\api\app\Intive.Patronage2023.Api.csproj", "{4380D66A-E4F4-4D0F-BACA-2FAF546ADD6E}"
EndProject
Project("{9A19103F-16F7-4668-BE54-9A1E7A4F7556}") = "Intive.Patronage2023.Modules.Example.Api", "src\modules\example\api\Intive.Patronage2023.Modules.Example.Api.csproj", "{5277E045-024E-495E-8006-63A31B7651EB}"
EndProject
Project("{9A19103F-16F7-4668-BE54-9A1E7A4F7556}") = "Intive.Patronage2023.Modules.Example.Application", "src\modules\example\application\Intive.Patronage2023.Modules.Example.Application.csproj", "{18A5AA2B-78AF-461B-B29F-071359D03633}"
EndProject
Project("{9A19103F-16F7-4668-BE54-9A1E7A4F7556}") = "Intive.Patronage2023.Shared.Infrastructure", "src\shared\infrastructure\Intive.Patronage2023.Shared.Infrastructure.csproj", "{E0127846-29BE-4F62-B619-F632F060344A}"
EndProject
Project("{9A19103F-16F7-4668-BE54-9A1E7A4F7556}") = "Intive.Patronage2023.Shared.Abstractions", "src\shared\abstractions\Intive.Patronage2023.Shared.Abstractions.csproj", "{8889DB97-EE28-4585-BFD9-DAA1685539BE}"
EndProject
Project("{2150E333-8FDC-42A3-9474-1A3956D46DE8}") = "architecture", "architecture", "{9585A6B8-A14E-411E-8176-9FF001E6B18A}"
EndProject
Project("{9A19103F-16F7-4668-BE54-9A1E7A4F7556}") = "Intive.Patronage2023.Architecture.Tests", "tests\architecture\Intive.Patronage2023.Architecture.Tests.csproj", "{74167673-3DBF-442E-8FBB-D12B7116589F}"
EndProject
Project("{2150E333-8FDC-42A3-9474-1A3956D46DE8}") = "unit", "unit", "{751EFD73-0C2F-4917-8738-EF0C2A391FDA}"
EndProject
Project("{9A19103F-16F7-4668-BE54-9A1E7A4F7556}") = "Intive.Patronage2023.Example.Domain.Tests", "tests\unit\Intive.Patronage2023.Example.Domain.Tests\Intive.Patronage2023.Example.Domain.Tests.csproj", "{9F9736A8-A702-4B91-A752-79F7F240371E}"
EndProject
Project("{9A19103F-16F7-4668-BE54-9A1E7A4F7556}") = "Intive.Patronage2023.Example.Application.Tests", "tests\unit\Intive.Patronage2023.Example.Application.Tests\Intive.Patronage2023.Example.Application.Tests.csproj", "{A1AEFB25-31E7-4983-B80F-0DDE1B56EC3A}"
EndProject
Project("{2150E333-8FDC-42A3-9474-1A3956D46DE8}") = "budget", "budget", "{E0DDA671-F144-4893-9DB8-9ED358EA423D}"
EndProject
Project("{9A19103F-16F7-4668-BE54-9A1E7A4F7556}") = "Intive.Patronage2023.Modules.Budget.Api", "src\modules\budget\api\Intive.Patronage2023.Modules.Budget.Api.csproj", "{80C7B72D-20A2-4480-BFF5-440D481D90DF}"
EndProject
Project("{9A19103F-16F7-4668-BE54-9A1E7A4F7556}") = "Intive.Patronage2023.Modules.Budget.Application", "src\modules\budget\application\Intive.Patronage2023.Modules.Budget.Application.csproj", "{FF0D7B58-FC8C-4993-AF62-CDDA01A1780E}"
EndProject
Project("{9A19103F-16F7-4668-BE54-9A1E7A4F7556}") = "Intive.Patronage2023.Modules.Budget.Contracts", "src\modules\budget\contracts\Intive.Patronage2023.Modules.Budget.Contracts.csproj", "{D4FED880-0397-41E2-83A2-9F5D91F69226}"
EndProject
Project("{9A19103F-16F7-4668-BE54-9A1E7A4F7556}") = "Intive.Patronage2023.Modules.Budget.Domain", "src\modules\budget\domain\Intive.Patronage2023.Modules.Budget.Domain.csproj", "{7C8E5EFA-D576-44E1-B750-C6AD2DA18775}"
EndProject
Project("{9A19103F-16F7-4668-BE54-9A1E7A4F7556}") = "Intive.Patronage2023.Modules.Budget.Infrastructure", "src\modules\budget\infrastructure\Intive.Patronage2023.Modules.Budget.Infrastructure.csproj", "{7F2A9947-43A1-406B-A503-14A771B76210}"
EndProject
Project("{9A19103F-16F7-4668-BE54-9A1E7A4F7556}") = "Intive.Patronage2023.Budget.Domain.Tests", "tests\unit\Intive.Patronage2023.Budget.Domain.Tests\Intive.Patronage2023.Budget.Domain.Tests.csproj", "{FC82E26F-63D3-47F9-80D1-098190A05D67}"
EndProject
Project("{2150E333-8FDC-42A3-9474-1A3956D46DE8}") = "integration", "integration", "{505B0B82-9C7C-4A23-8BA3-A4F49BC2C0AB}"
EndProject
Project("{9A19103F-16F7-4668-BE54-9A1E7A4F7556}") = "Intive.Patronage2023.Modules.Budget.Application.IntegrationTests", "tests\integration\Intive.Patronage2023.Modules.Example.Application.IntegrationTests\Intive.Patronage2023.Modules.Budget.Application.IntegrationTests.csproj", "{BFC18BFA-3813-4379-AA4E-199B8EFC75BA}"
EndProject
Project("{9A19103F-16F7-4668-BE54-9A1E7A4F7556}") = "Intive.Patronage2023.Budget.Application.Tests", "tests\unit\Intive.Patronage2023.Budget.Application.Tests\Intive.Patronage2023.Budget.Application.Tests.csproj", "{D4117491-2AB8-4A24-8866-41B862B2678A}"
EndProject
Project("{9A19103F-16F7-4668-BE54-9A1E7A4F7556}") = "Intive.Patronage2023.Shared.Domain", "src\shared\domain\Intive.Patronage2023.Shared.Domain.csproj", "{5BB415AD-09EF-413C-A2B9-4FFFF46306AB}"
EndProject
Project("{E53339B2-1760-4266-BCC7-CA923CBCF16C}") = "docker-compose", "docker\docker-compose.dcproj", "{7BF08A2E-B831-41E9-8B8A-6A22B586194F}"
	ProjectSection(ProjectDependencies) = postProject
		{4380D66A-E4F4-4D0F-BACA-2FAF546ADD6E} = {4380D66A-E4F4-4D0F-BACA-2FAF546ADD6E}
	EndProjectSection
EndProject
Project("{2150E333-8FDC-42A3-9474-1A3956D46DE8}") = "user", "user", "{2DA3BEE9-2A83-4E9E-891B-5E71B5532D3D}"
EndProject
Project("{9A19103F-16F7-4668-BE54-9A1E7A4F7556}") = "Intive.Patronage2023.Modules.User.Contracts", "src\modules\user\contracts\Intive.Patronage2023.Modules.User.Contracts.csproj", "{CA3A26AF-0BC0-4DA0-A1AB-C606CA4B378E}"
EndProject
Project("{9A19103F-16F7-4668-BE54-9A1E7A4F7556}") = "Intive.Patronage2023.Modules.User.Domain", "src\modules\user\domain\Intive.Patronage2023.Modules.User.Domain.csproj", "{2D1CC881-5D8B-4AE8-98E4-F6CCFEF1196F}"
EndProject
Project("{9A19103F-16F7-4668-BE54-9A1E7A4F7556}") = "Intive.Patronage2023.Modules.User.Infrastructure", "src\modules\user\infrastructure\Intive.Patronage2023.Modules.User.Infrastructure.csproj", "{7A288C75-D619-41B0-978A-879218466249}"
EndProject
Project("{9A19103F-16F7-4668-BE54-9A1E7A4F7556}") = "Intive.Patronage2023.Modules.User.Application", "src\modules\user\application\Intive.Patronage2023.Modules.User.Application.csproj", "{58058413-3498-4764-A14E-2E766727F17E}"
EndProject
Project("{9A19103F-16F7-4668-BE54-9A1E7A4F7556}") = "Intive.Patronage2023.Modules.User.Api", "src\modules\user\api\Intive.Patronage2023.Modules.User.Api.csproj", "{98A8FB57-3217-47AF-AD93-8959E6D9FDFC}"
EndProject
Project("{9A19103F-16F7-4668-BE54-9A1E7A4F7556}") = "Intive.Patronage2023.Example.Api.Tests", "tests\unit\Intive.Patronage2023.Api.Tests\Intive.Patronage2023.Example.Api.Tests.csproj", "{6DDB9695-1B3A-4AB4-960E-B9F605E510EB}"
EndProject
Project("{9A19103F-16F7-4668-BE54-9A1E7A4F7556}") = "Intive.Patronage2023.Shared.IntegrationTests", "tests\integration\Intive.Patronage2023.Shared.IntegrationTests\Intive.Patronage2023.Shared.IntegrationTests.csproj", "{EDAEB2C4-BA20-4A93-9907-233253A3AAEB}"
EndProject
Project("{9A19103F-16F7-4668-BE54-9A1E7A4F7556}") = "Intive.Patronage2023.User.Application.Tests", "tests\unit\Intive.Patronage2023.User.Application.Tests\Intive.Patronage2023.User.Application.Tests.csproj", "{99CBB1BB-FF63-4AFD-97FA-65DE2EE4CFD2}"
EndProject
Global
	GlobalSection(SolutionConfigurationPlatforms) = preSolution
		Debug|Any CPU = Debug|Any CPU
		Release|Any CPU = Release|Any CPU
	EndGlobalSection
	GlobalSection(ProjectConfigurationPlatforms) = postSolution
		{BE34A05D-59AB-436C-92CD-3E9CC9BDB177}.Debug|Any CPU.ActiveCfg = Debug|Any CPU
		{BE34A05D-59AB-436C-92CD-3E9CC9BDB177}.Debug|Any CPU.Build.0 = Debug|Any CPU
		{BE34A05D-59AB-436C-92CD-3E9CC9BDB177}.Release|Any CPU.ActiveCfg = Release|Any CPU
		{BE34A05D-59AB-436C-92CD-3E9CC9BDB177}.Release|Any CPU.Build.0 = Release|Any CPU
		{D43D43F2-3F5F-4F83-8CE1-0C8E7004ECD7}.Debug|Any CPU.ActiveCfg = Debug|Any CPU
		{D43D43F2-3F5F-4F83-8CE1-0C8E7004ECD7}.Debug|Any CPU.Build.0 = Debug|Any CPU
		{D43D43F2-3F5F-4F83-8CE1-0C8E7004ECD7}.Release|Any CPU.ActiveCfg = Release|Any CPU
		{D43D43F2-3F5F-4F83-8CE1-0C8E7004ECD7}.Release|Any CPU.Build.0 = Release|Any CPU
		{2BC3B05B-9968-4B08-A912-744F79CBE4C2}.Debug|Any CPU.ActiveCfg = Debug|Any CPU
		{2BC3B05B-9968-4B08-A912-744F79CBE4C2}.Debug|Any CPU.Build.0 = Debug|Any CPU
		{2BC3B05B-9968-4B08-A912-744F79CBE4C2}.Release|Any CPU.ActiveCfg = Release|Any CPU
		{2BC3B05B-9968-4B08-A912-744F79CBE4C2}.Release|Any CPU.Build.0 = Release|Any CPU
		{4380D66A-E4F4-4D0F-BACA-2FAF546ADD6E}.Debug|Any CPU.ActiveCfg = Debug|Any CPU
		{4380D66A-E4F4-4D0F-BACA-2FAF546ADD6E}.Debug|Any CPU.Build.0 = Debug|Any CPU
		{4380D66A-E4F4-4D0F-BACA-2FAF546ADD6E}.Release|Any CPU.ActiveCfg = Release|Any CPU
		{4380D66A-E4F4-4D0F-BACA-2FAF546ADD6E}.Release|Any CPU.Build.0 = Release|Any CPU
		{5277E045-024E-495E-8006-63A31B7651EB}.Debug|Any CPU.ActiveCfg = Debug|Any CPU
		{5277E045-024E-495E-8006-63A31B7651EB}.Debug|Any CPU.Build.0 = Debug|Any CPU
		{5277E045-024E-495E-8006-63A31B7651EB}.Release|Any CPU.ActiveCfg = Release|Any CPU
		{5277E045-024E-495E-8006-63A31B7651EB}.Release|Any CPU.Build.0 = Release|Any CPU
		{18A5AA2B-78AF-461B-B29F-071359D03633}.Debug|Any CPU.ActiveCfg = Debug|Any CPU
		{18A5AA2B-78AF-461B-B29F-071359D03633}.Debug|Any CPU.Build.0 = Debug|Any CPU
		{18A5AA2B-78AF-461B-B29F-071359D03633}.Release|Any CPU.ActiveCfg = Release|Any CPU
		{18A5AA2B-78AF-461B-B29F-071359D03633}.Release|Any CPU.Build.0 = Release|Any CPU
		{E0127846-29BE-4F62-B619-F632F060344A}.Debug|Any CPU.ActiveCfg = Debug|Any CPU
		{E0127846-29BE-4F62-B619-F632F060344A}.Debug|Any CPU.Build.0 = Debug|Any CPU
		{E0127846-29BE-4F62-B619-F632F060344A}.Release|Any CPU.ActiveCfg = Release|Any CPU
		{E0127846-29BE-4F62-B619-F632F060344A}.Release|Any CPU.Build.0 = Release|Any CPU
		{8889DB97-EE28-4585-BFD9-DAA1685539BE}.Debug|Any CPU.ActiveCfg = Debug|Any CPU
		{8889DB97-EE28-4585-BFD9-DAA1685539BE}.Debug|Any CPU.Build.0 = Debug|Any CPU
		{8889DB97-EE28-4585-BFD9-DAA1685539BE}.Release|Any CPU.ActiveCfg = Release|Any CPU
		{8889DB97-EE28-4585-BFD9-DAA1685539BE}.Release|Any CPU.Build.0 = Release|Any CPU
		{74167673-3DBF-442E-8FBB-D12B7116589F}.Debug|Any CPU.ActiveCfg = Debug|Any CPU
		{74167673-3DBF-442E-8FBB-D12B7116589F}.Debug|Any CPU.Build.0 = Debug|Any CPU
		{74167673-3DBF-442E-8FBB-D12B7116589F}.Release|Any CPU.ActiveCfg = Release|Any CPU
		{74167673-3DBF-442E-8FBB-D12B7116589F}.Release|Any CPU.Build.0 = Release|Any CPU
		{9F9736A8-A702-4B91-A752-79F7F240371E}.Debug|Any CPU.ActiveCfg = Debug|Any CPU
		{9F9736A8-A702-4B91-A752-79F7F240371E}.Debug|Any CPU.Build.0 = Debug|Any CPU
		{9F9736A8-A702-4B91-A752-79F7F240371E}.Release|Any CPU.ActiveCfg = Release|Any CPU
		{9F9736A8-A702-4B91-A752-79F7F240371E}.Release|Any CPU.Build.0 = Release|Any CPU
		{A1AEFB25-31E7-4983-B80F-0DDE1B56EC3A}.Debug|Any CPU.ActiveCfg = Debug|Any CPU
		{A1AEFB25-31E7-4983-B80F-0DDE1B56EC3A}.Debug|Any CPU.Build.0 = Debug|Any CPU
		{A1AEFB25-31E7-4983-B80F-0DDE1B56EC3A}.Release|Any CPU.ActiveCfg = Release|Any CPU
		{A1AEFB25-31E7-4983-B80F-0DDE1B56EC3A}.Release|Any CPU.Build.0 = Release|Any CPU
		{80C7B72D-20A2-4480-BFF5-440D481D90DF}.Debug|Any CPU.ActiveCfg = Debug|Any CPU
		{80C7B72D-20A2-4480-BFF5-440D481D90DF}.Debug|Any CPU.Build.0 = Debug|Any CPU
		{80C7B72D-20A2-4480-BFF5-440D481D90DF}.Release|Any CPU.ActiveCfg = Release|Any CPU
		{80C7B72D-20A2-4480-BFF5-440D481D90DF}.Release|Any CPU.Build.0 = Release|Any CPU
		{FF0D7B58-FC8C-4993-AF62-CDDA01A1780E}.Debug|Any CPU.ActiveCfg = Debug|Any CPU
		{FF0D7B58-FC8C-4993-AF62-CDDA01A1780E}.Debug|Any CPU.Build.0 = Debug|Any CPU
		{FF0D7B58-FC8C-4993-AF62-CDDA01A1780E}.Release|Any CPU.ActiveCfg = Release|Any CPU
		{FF0D7B58-FC8C-4993-AF62-CDDA01A1780E}.Release|Any CPU.Build.0 = Release|Any CPU
		{D4FED880-0397-41E2-83A2-9F5D91F69226}.Debug|Any CPU.ActiveCfg = Debug|Any CPU
		{D4FED880-0397-41E2-83A2-9F5D91F69226}.Debug|Any CPU.Build.0 = Debug|Any CPU
		{D4FED880-0397-41E2-83A2-9F5D91F69226}.Release|Any CPU.ActiveCfg = Release|Any CPU
		{D4FED880-0397-41E2-83A2-9F5D91F69226}.Release|Any CPU.Build.0 = Release|Any CPU
		{7C8E5EFA-D576-44E1-B750-C6AD2DA18775}.Debug|Any CPU.ActiveCfg = Debug|Any CPU
		{7C8E5EFA-D576-44E1-B750-C6AD2DA18775}.Debug|Any CPU.Build.0 = Debug|Any CPU
		{7C8E5EFA-D576-44E1-B750-C6AD2DA18775}.Release|Any CPU.ActiveCfg = Release|Any CPU
		{7C8E5EFA-D576-44E1-B750-C6AD2DA18775}.Release|Any CPU.Build.0 = Release|Any CPU
		{7F2A9947-43A1-406B-A503-14A771B76210}.Debug|Any CPU.ActiveCfg = Debug|Any CPU
		{7F2A9947-43A1-406B-A503-14A771B76210}.Debug|Any CPU.Build.0 = Debug|Any CPU
		{7F2A9947-43A1-406B-A503-14A771B76210}.Release|Any CPU.ActiveCfg = Release|Any CPU
		{7F2A9947-43A1-406B-A503-14A771B76210}.Release|Any CPU.Build.0 = Release|Any CPU
		{FC82E26F-63D3-47F9-80D1-098190A05D67}.Debug|Any CPU.ActiveCfg = Debug|Any CPU
		{FC82E26F-63D3-47F9-80D1-098190A05D67}.Debug|Any CPU.Build.0 = Debug|Any CPU
		{FC82E26F-63D3-47F9-80D1-098190A05D67}.Release|Any CPU.ActiveCfg = Release|Any CPU
		{FC82E26F-63D3-47F9-80D1-098190A05D67}.Release|Any CPU.Build.0 = Release|Any CPU
		{BFC18BFA-3813-4379-AA4E-199B8EFC75BA}.Debug|Any CPU.ActiveCfg = Debug|Any CPU
		{BFC18BFA-3813-4379-AA4E-199B8EFC75BA}.Debug|Any CPU.Build.0 = Debug|Any CPU
		{BFC18BFA-3813-4379-AA4E-199B8EFC75BA}.Release|Any CPU.ActiveCfg = Release|Any CPU
		{BFC18BFA-3813-4379-AA4E-199B8EFC75BA}.Release|Any CPU.Build.0 = Release|Any CPU
		{D4117491-2AB8-4A24-8866-41B862B2678A}.Debug|Any CPU.ActiveCfg = Debug|Any CPU
		{D4117491-2AB8-4A24-8866-41B862B2678A}.Debug|Any CPU.Build.0 = Debug|Any CPU
		{D4117491-2AB8-4A24-8866-41B862B2678A}.Release|Any CPU.ActiveCfg = Release|Any CPU
		{D4117491-2AB8-4A24-8866-41B862B2678A}.Release|Any CPU.Build.0 = Release|Any CPU
		{5BB415AD-09EF-413C-A2B9-4FFFF46306AB}.Debug|Any CPU.ActiveCfg = Debug|Any CPU
		{5BB415AD-09EF-413C-A2B9-4FFFF46306AB}.Debug|Any CPU.Build.0 = Debug|Any CPU
		{5BB415AD-09EF-413C-A2B9-4FFFF46306AB}.Release|Any CPU.ActiveCfg = Release|Any CPU
		{5BB415AD-09EF-413C-A2B9-4FFFF46306AB}.Release|Any CPU.Build.0 = Release|Any CPU
		{7BF08A2E-B831-41E9-8B8A-6A22B586194F}.Debug|Any CPU.ActiveCfg = Debug|Any CPU
		{7BF08A2E-B831-41E9-8B8A-6A22B586194F}.Debug|Any CPU.Build.0 = Debug|Any CPU
		{7BF08A2E-B831-41E9-8B8A-6A22B586194F}.Release|Any CPU.ActiveCfg = Release|Any CPU
		{7BF08A2E-B831-41E9-8B8A-6A22B586194F}.Release|Any CPU.Build.0 = Release|Any CPU
		{CA3A26AF-0BC0-4DA0-A1AB-C606CA4B378E}.Debug|Any CPU.ActiveCfg = Debug|Any CPU
		{CA3A26AF-0BC0-4DA0-A1AB-C606CA4B378E}.Debug|Any CPU.Build.0 = Debug|Any CPU
		{CA3A26AF-0BC0-4DA0-A1AB-C606CA4B378E}.Release|Any CPU.ActiveCfg = Release|Any CPU
		{CA3A26AF-0BC0-4DA0-A1AB-C606CA4B378E}.Release|Any CPU.Build.0 = Release|Any CPU
		{2D1CC881-5D8B-4AE8-98E4-F6CCFEF1196F}.Debug|Any CPU.ActiveCfg = Debug|Any CPU
		{2D1CC881-5D8B-4AE8-98E4-F6CCFEF1196F}.Debug|Any CPU.Build.0 = Debug|Any CPU
		{2D1CC881-5D8B-4AE8-98E4-F6CCFEF1196F}.Release|Any CPU.ActiveCfg = Release|Any CPU
		{2D1CC881-5D8B-4AE8-98E4-F6CCFEF1196F}.Release|Any CPU.Build.0 = Release|Any CPU
		{7A288C75-D619-41B0-978A-879218466249}.Debug|Any CPU.ActiveCfg = Debug|Any CPU
		{7A288C75-D619-41B0-978A-879218466249}.Debug|Any CPU.Build.0 = Debug|Any CPU
		{7A288C75-D619-41B0-978A-879218466249}.Release|Any CPU.ActiveCfg = Release|Any CPU
		{7A288C75-D619-41B0-978A-879218466249}.Release|Any CPU.Build.0 = Release|Any CPU
		{58058413-3498-4764-A14E-2E766727F17E}.Debug|Any CPU.ActiveCfg = Debug|Any CPU
		{58058413-3498-4764-A14E-2E766727F17E}.Debug|Any CPU.Build.0 = Debug|Any CPU
		{58058413-3498-4764-A14E-2E766727F17E}.Release|Any CPU.ActiveCfg = Release|Any CPU
		{58058413-3498-4764-A14E-2E766727F17E}.Release|Any CPU.Build.0 = Release|Any CPU
		{98A8FB57-3217-47AF-AD93-8959E6D9FDFC}.Debug|Any CPU.ActiveCfg = Debug|Any CPU
		{98A8FB57-3217-47AF-AD93-8959E6D9FDFC}.Debug|Any CPU.Build.0 = Debug|Any CPU
		{98A8FB57-3217-47AF-AD93-8959E6D9FDFC}.Release|Any CPU.ActiveCfg = Release|Any CPU
		{98A8FB57-3217-47AF-AD93-8959E6D9FDFC}.Release|Any CPU.Build.0 = Release|Any CPU
		{6DDB9695-1B3A-4AB4-960E-B9F605E510EB}.Debug|Any CPU.ActiveCfg = Debug|Any CPU
		{6DDB9695-1B3A-4AB4-960E-B9F605E510EB}.Debug|Any CPU.Build.0 = Debug|Any CPU
		{6DDB9695-1B3A-4AB4-960E-B9F605E510EB}.Release|Any CPU.ActiveCfg = Release|Any CPU
		{6DDB9695-1B3A-4AB4-960E-B9F605E510EB}.Release|Any CPU.Build.0 = Release|Any CPU
		{EDAEB2C4-BA20-4A93-9907-233253A3AAEB}.Debug|Any CPU.ActiveCfg = Debug|Any CPU
		{EDAEB2C4-BA20-4A93-9907-233253A3AAEB}.Debug|Any CPU.Build.0 = Debug|Any CPU
		{EDAEB2C4-BA20-4A93-9907-233253A3AAEB}.Release|Any CPU.ActiveCfg = Release|Any CPU
		{EDAEB2C4-BA20-4A93-9907-233253A3AAEB}.Release|Any CPU.Build.0 = Release|Any CPU
		{99CBB1BB-FF63-4AFD-97FA-65DE2EE4CFD2}.Debug|Any CPU.ActiveCfg = Debug|Any CPU
		{99CBB1BB-FF63-4AFD-97FA-65DE2EE4CFD2}.Debug|Any CPU.Build.0 = Debug|Any CPU
		{99CBB1BB-FF63-4AFD-97FA-65DE2EE4CFD2}.Release|Any CPU.ActiveCfg = Release|Any CPU
		{99CBB1BB-FF63-4AFD-97FA-65DE2EE4CFD2}.Release|Any CPU.Build.0 = Release|Any CPU
	EndGlobalSection
	GlobalSection(SolutionProperties) = preSolution
		HideSolutionNode = FALSE
	EndGlobalSection
	GlobalSection(NestedProjects) = preSolution
		{AE9A661F-BE3A-4B30-AE50-3286C148E9B5} = {B581E464-B295-4D63-BB10-97AC3E19A52F}
		{BE34A05D-59AB-436C-92CD-3E9CC9BDB177} = {AE9A661F-BE3A-4B30-AE50-3286C148E9B5}
		{D43D43F2-3F5F-4F83-8CE1-0C8E7004ECD7} = {AE9A661F-BE3A-4B30-AE50-3286C148E9B5}
		{2BC3B05B-9968-4B08-A912-744F79CBE4C2} = {AE9A661F-BE3A-4B30-AE50-3286C148E9B5}
		{4380D66A-E4F4-4D0F-BACA-2FAF546ADD6E} = {ABD0EA86-4BA3-4E57-9CEB-9E1AC6232B2B}
		{5277E045-024E-495E-8006-63A31B7651EB} = {AE9A661F-BE3A-4B30-AE50-3286C148E9B5}
		{18A5AA2B-78AF-461B-B29F-071359D03633} = {AE9A661F-BE3A-4B30-AE50-3286C148E9B5}
		{E0127846-29BE-4F62-B619-F632F060344A} = {24E13834-FC03-40CF-9B9D-4BCE3C8E4BEB}
		{8889DB97-EE28-4585-BFD9-DAA1685539BE} = {24E13834-FC03-40CF-9B9D-4BCE3C8E4BEB}
		{9585A6B8-A14E-411E-8176-9FF001E6B18A} = {138E58F8-3FAE-4CCC-A92A-3A85E7E4D35B}
		{74167673-3DBF-442E-8FBB-D12B7116589F} = {9585A6B8-A14E-411E-8176-9FF001E6B18A}
		{751EFD73-0C2F-4917-8738-EF0C2A391FDA} = {138E58F8-3FAE-4CCC-A92A-3A85E7E4D35B}
		{9F9736A8-A702-4B91-A752-79F7F240371E} = {751EFD73-0C2F-4917-8738-EF0C2A391FDA}
		{A1AEFB25-31E7-4983-B80F-0DDE1B56EC3A} = {751EFD73-0C2F-4917-8738-EF0C2A391FDA}
		{E0DDA671-F144-4893-9DB8-9ED358EA423D} = {B581E464-B295-4D63-BB10-97AC3E19A52F}
		{80C7B72D-20A2-4480-BFF5-440D481D90DF} = {E0DDA671-F144-4893-9DB8-9ED358EA423D}
		{FF0D7B58-FC8C-4993-AF62-CDDA01A1780E} = {E0DDA671-F144-4893-9DB8-9ED358EA423D}
		{D4FED880-0397-41E2-83A2-9F5D91F69226} = {E0DDA671-F144-4893-9DB8-9ED358EA423D}
		{7C8E5EFA-D576-44E1-B750-C6AD2DA18775} = {E0DDA671-F144-4893-9DB8-9ED358EA423D}
		{7F2A9947-43A1-406B-A503-14A771B76210} = {E0DDA671-F144-4893-9DB8-9ED358EA423D}
		{FC82E26F-63D3-47F9-80D1-098190A05D67} = {751EFD73-0C2F-4917-8738-EF0C2A391FDA}
		{505B0B82-9C7C-4A23-8BA3-A4F49BC2C0AB} = {138E58F8-3FAE-4CCC-A92A-3A85E7E4D35B}
		{BFC18BFA-3813-4379-AA4E-199B8EFC75BA} = {505B0B82-9C7C-4A23-8BA3-A4F49BC2C0AB}
		{D4117491-2AB8-4A24-8866-41B862B2678A} = {751EFD73-0C2F-4917-8738-EF0C2A391FDA}
		{5BB415AD-09EF-413C-A2B9-4FFFF46306AB} = {24E13834-FC03-40CF-9B9D-4BCE3C8E4BEB}
		{2DA3BEE9-2A83-4E9E-891B-5E71B5532D3D} = {B581E464-B295-4D63-BB10-97AC3E19A52F}
		{CA3A26AF-0BC0-4DA0-A1AB-C606CA4B378E} = {2DA3BEE9-2A83-4E9E-891B-5E71B5532D3D}
		{2D1CC881-5D8B-4AE8-98E4-F6CCFEF1196F} = {2DA3BEE9-2A83-4E9E-891B-5E71B5532D3D}
		{7A288C75-D619-41B0-978A-879218466249} = {2DA3BEE9-2A83-4E9E-891B-5E71B5532D3D}
		{58058413-3498-4764-A14E-2E766727F17E} = {2DA3BEE9-2A83-4E9E-891B-5E71B5532D3D}
		{98A8FB57-3217-47AF-AD93-8959E6D9FDFC} = {2DA3BEE9-2A83-4E9E-891B-5E71B5532D3D}
		{6DDB9695-1B3A-4AB4-960E-B9F605E510EB} = {751EFD73-0C2F-4917-8738-EF0C2A391FDA}
		{EDAEB2C4-BA20-4A93-9907-233253A3AAEB} = {505B0B82-9C7C-4A23-8BA3-A4F49BC2C0AB}
		{99CBB1BB-FF63-4AFD-97FA-65DE2EE4CFD2} = {751EFD73-0C2F-4917-8738-EF0C2A391FDA}
	EndGlobalSection
	GlobalSection(ExtensibilityGlobals) = postSolution
		SolutionGuid = {D7483708-EA69-4509-A749-B4BA172FC7D3}
	EndGlobalSection
EndGlobal
